// !$*UTF8*$!
{
	archiveVersion = 1;
	classes = {
	};
	objectVersion = 48;
	objects = {

/* Begin PBXBuildFile section */
		28196BFC2024EA9E00086CE6 /* Runner.cpp in Sources */ = {isa = PBXBuildFile; fileRef = 28196BFB2024EA9E00086CE6 /* Runner.cpp */; };
		28196BFF2024EAE900086CE6 /* FileController.cpp in Sources */ = {isa = PBXBuildFile; fileRef = 28196BFD2024EAE900086CE6 /* FileController.cpp */; };
		28196C022024EAF600086CE6 /* Controller.cpp in Sources */ = {isa = PBXBuildFile; fileRef = 28196C002024EAF600086CE6 /* Controller.cpp */; };
		28196C052024EB2500086CE6 /* Timer.cpp in Sources */ = {isa = PBXBuildFile; fileRef = 28196C032024EB2500086CE6 /* Timer.cpp */; };
		28196C092024EBF500086CE6 /* CrimeData.cpp in Sources */ = {isa = PBXBuildFile; fileRef = 28196C082024EBF500086CE6 /* CrimeData.cpp */; };
		2822A714204DC611004D0181 /* RecursionTester.cpp in Sources */ = {isa = PBXBuildFile; fileRef = 2822A712204DC611004D0181 /* RecursionTester.cpp */; };
		28612344202A33B1003AD87B /* ArrayTester.cpp in Sources */ = {isa = PBXBuildFile; fileRef = 28612342202A33B1003AD87B /* ArrayTester.cpp */; };
		286926782034C6790096E432 /* LinkedListTester.cpp in Sources */ = {isa = PBXBuildFile; fileRef = 286926762034C6790096E432 /* LinkedListTester.cpp */; };
		28819C50205AE963008EC4DC /* SortingTester.cpp in Sources */ = {isa = PBXBuildFile; fileRef = 28819C4E205AE963008EC4DC /* SortingTester.cpp */; };
		2891C63E204493160026B302 /* TestingStacksAndQueues.cpp in Sources */ = {isa = PBXBuildFile; fileRef = 2891C63C204493160026B302 /* TestingStacksAndQueues.cpp */; };
		28F769EC206AC33B00D00E1F /* GraphTester.cpp in Sources */ = {isa = PBXBuildFile; fileRef = 28F769EA206AC33B00D00E1F /* GraphTester.cpp */; };
		28F769F1206ACA2B00D00E1F /* BinaryTreeTester.cpp in Sources */ = {isa = PBXBuildFile; fileRef = 28F769EF206ACA2B00D00E1F /* BinaryTreeTester.cpp */; };
/* End PBXBuildFile section */

/* Begin PBXCopyFilesBuildPhase section */
		28196BE72024EA1200086CE6 /* CopyFiles */ = {
			isa = PBXCopyFilesBuildPhase;
			buildActionMask = 2147483647;
			dstPath = /usr/share/man/man1/;
			dstSubfolderSpec = 0;
			files = (
			);
			runOnlyForDeploymentPostprocessing = 1;
		};
/* End PBXCopyFilesBuildPhase section */

/* Begin PBXFileReference section */
		28196BE92024EA1200086CE6 /* DataStructures */ = {isa = PBXFileReference; explicitFileType = "compiled.mach-o.executable"; includeInIndex = 0; path = DataStructures; sourceTree = BUILT_PRODUCTS_DIR; };
		28196BFB2024EA9E00086CE6 /* Runner.cpp */ = {isa = PBXFileReference; lastKnownFileType = sourcecode.cpp.cpp; path = Runner.cpp; sourceTree = "<group>"; };
		28196BFD2024EAE900086CE6 /* FileController.cpp */ = {isa = PBXFileReference; lastKnownFileType = sourcecode.cpp.cpp; path = FileController.cpp; sourceTree = "<group>"; };
		28196BFE2024EAE900086CE6 /* FileController.hpp */ = {isa = PBXFileReference; lastKnownFileType = sourcecode.cpp.h; path = FileController.hpp; sourceTree = "<group>"; };
		28196C002024EAF600086CE6 /* Controller.cpp */ = {isa = PBXFileReference; lastKnownFileType = sourcecode.cpp.cpp; path = Controller.cpp; sourceTree = "<group>"; };
		28196C012024EAF600086CE6 /* Controller.hpp */ = {isa = PBXFileReference; lastKnownFileType = sourcecode.cpp.h; path = Controller.hpp; sourceTree = "<group>"; };
		28196C032024EB2500086CE6 /* Timer.cpp */ = {isa = PBXFileReference; lastKnownFileType = sourcecode.cpp.cpp; path = Timer.cpp; sourceTree = "<group>"; };
		28196C042024EB2500086CE6 /* Timer.hpp */ = {isa = PBXFileReference; lastKnownFileType = sourcecode.cpp.h; path = Timer.hpp; sourceTree = "<group>"; };
		28196C062024EBF500086CE6 /* crime.csv */ = {isa = PBXFileReference; fileEncoding = 4; lastKnownFileType = text; path = crime.csv; sourceTree = "<group>"; };
		28196C072024EBF500086CE6 /* CrimeData.hpp */ = {isa = PBXFileReference; fileEncoding = 4; lastKnownFileType = sourcecode.cpp.h; path = CrimeData.hpp; sourceTree = "<group>"; };
		28196C082024EBF500086CE6 /* CrimeData.cpp */ = {isa = PBXFileReference; fileEncoding = 4; lastKnownFileType = sourcecode.cpp.cpp; path = CrimeData.cpp; sourceTree = "<group>"; };
		28196C0F2024F64200086CE6 /* Array.hpp */ = {isa = PBXFileReference; lastKnownFileType = sourcecode.cpp.h; path = Array.hpp; sourceTree = "<group>"; };
		28219B01203F49620023A087 /* Queue.hpp */ = {isa = PBXFileReference; lastKnownFileType = sourcecode.cpp.h; path = Queue.hpp; sourceTree = "<group>"; };
		28219B02203F49870023A087 /* Stack.hpp */ = {isa = PBXFileReference; lastKnownFileType = sourcecode.cpp.h; path = Stack.hpp; sourceTree = "<group>"; };
		28219B03203F49A00023A087 /* CircularList.hpp */ = {isa = PBXFileReference; lastKnownFileType = sourcecode.cpp.h; path = CircularList.hpp; sourceTree = "<group>"; };
		28219B04203F49C30023A087 /* DoubleNode.hpp */ = {isa = PBXFileReference; lastKnownFileType = sourcecode.cpp.h; path = DoubleNode.hpp; sourceTree = "<group>"; };
		2822A712204DC611004D0181 /* RecursionTester.cpp */ = {isa = PBXFileReference; lastKnownFileType = sourcecode.cpp.cpp; path = RecursionTester.cpp; sourceTree = "<group>"; };
		2822A713204DC611004D0181 /* RecursionTester.hpp */ = {isa = PBXFileReference; lastKnownFileType = sourcecode.cpp.h; path = RecursionTester.hpp; sourceTree = "<group>"; };
		284A5876202CDAA000E8A43F /* LinearNode.hpp */ = {isa = PBXFileReference; lastKnownFileType = sourcecode.cpp.h; path = LinearNode.hpp; sourceTree = "<group>"; };
		284A5877202CE25700E8A43F /* listStructure.h */ = {isa = PBXFileReference; lastKnownFileType = sourcecode.c.h; path = listStructure.h; sourceTree = "<group>"; };
		28612342202A33B1003AD87B /* ArrayTester.cpp */ = {isa = PBXFileReference; lastKnownFileType = sourcecode.cpp.cpp; path = ArrayTester.cpp; sourceTree = "<group>"; };
		28612343202A33B1003AD87B /* ArrayTester.hpp */ = {isa = PBXFileReference; lastKnownFileType = sourcecode.cpp.h; path = ArrayTester.hpp; sourceTree = "<group>"; };
		28612347202A40CD003AD87B /* Node.hpp */ = {isa = PBXFileReference; lastKnownFileType = sourcecode.cpp.h; path = Node.hpp; sourceTree = "<group>"; };
		2861B1752060364000478C6C /* Graph.h */ = {isa = PBXFileReference; lastKnownFileType = sourcecode.c.h; path = Graph.h; sourceTree = "<group>"; };
		286926742034BBEC0096E432 /* LinkedList.hpp */ = {isa = PBXFileReference; lastKnownFileType = sourcecode.cpp.h; path = LinkedList.hpp; sourceTree = "<group>"; };
		286926762034C6790096E432 /* LinkedListTester.cpp */ = {isa = PBXFileReference; lastKnownFileType = sourcecode.cpp.cpp; path = LinkedListTester.cpp; sourceTree = "<group>"; };
		286926772034C6790096E432 /* LinkedListTester.hpp */ = {isa = PBXFileReference; lastKnownFileType = sourcecode.cpp.h; path = LinkedListTester.hpp; sourceTree = "<group>"; };
		28819C4E205AE963008EC4DC /* SortingTester.cpp */ = {isa = PBXFileReference; lastKnownFileType = sourcecode.cpp.cpp; path = SortingTester.cpp; sourceTree = "<group>"; };
		28819C4F205AE963008EC4DC /* SortingTester.hpp */ = {isa = PBXFileReference; lastKnownFileType = sourcecode.cpp.h; path = SortingTester.hpp; sourceTree = "<group>"; };
		2891C63C204493160026B302 /* TestingStacksAndQueues.cpp */ = {isa = PBXFileReference; lastKnownFileType = sourcecode.cpp.cpp; path = TestingStacksAndQueues.cpp; sourceTree = "<group>"; };
		2891C63D204493160026B302 /* TestingStacksAndQueues.hpp */ = {isa = PBXFileReference; lastKnownFileType = sourcecode.cpp.h; path = TestingStacksAndQueues.hpp; sourceTree = "<group>"; };
		28F769EA206AC33B00D00E1F /* GraphTester.cpp */ = {isa = PBXFileReference; lastKnownFileType = sourcecode.cpp.cpp; path = GraphTester.cpp; sourceTree = "<group>"; };
		28F769EB206AC33B00D00E1F /* GraphTester.hpp */ = {isa = PBXFileReference; lastKnownFileType = sourcecode.cpp.h; path = GraphTester.hpp; sourceTree = "<group>"; };
		28F769ED206AC53600D00E1F /* BinaryTreeNode.h */ = {isa = PBXFileReference; lastKnownFileType = sourcecode.c.h; path = BinaryTreeNode.h; sourceTree = "<group>"; };
		28F769EE206AC62C00D00E1F /* N_AryTreeNode.h */ = {isa = PBXFileReference; lastKnownFileType = sourcecode.c.h; path = N_AryTreeNode.h; sourceTree = "<group>"; };
		28F769EF206ACA2B00D00E1F /* BinaryTreeTester.cpp */ = {isa = PBXFileReference; lastKnownFileType = sourcecode.cpp.cpp; path = BinaryTreeTester.cpp; sourceTree = "<group>"; };
		28F769F0206ACA2B00D00E1F /* BinaryTreeTester.hpp */ = {isa = PBXFileReference; lastKnownFileType = sourcecode.cpp.h; path = BinaryTreeTester.hpp; sourceTree = "<group>"; };
		28F769F2206AD42A00D00E1F /* Tree.h */ = {isa = PBXFileReference; lastKnownFileType = sourcecode.c.h; path = Tree.h; sourceTree = "<group>"; };
/* End PBXFileReference section */

/* Begin PBXFrameworksBuildPhase section */
		28196BE62024EA1200086CE6 /* Frameworks */ = {
			isa = PBXFrameworksBuildPhase;
			buildActionMask = 2147483647;
			files = (
			);
			runOnlyForDeploymentPostprocessing = 0;
		};
/* End PBXFrameworksBuildPhase section */

/* Begin PBXGroup section */
		28196BE02024EA1200086CE6 = {
			isa = PBXGroup;
			children = (
				28196BEB2024EA1200086CE6 /* DataStructures */,
				28196BF72024EA4B00086CE6 /* Testing */,
				28196BEA2024EA1200086CE6 /* Products */,
			);
			sourceTree = "<group>";
		};
		28196BEA2024EA1200086CE6 /* Products */ = {
			isa = PBXGroup;
			children = (
				28196BE92024EA1200086CE6 /* DataStructures */,
			);
			name = Products;
			sourceTree = "<group>";
		};
		28196BEB2024EA1200086CE6 /* DataStructures */ = {
			isa = PBXGroup;
			children = (
				28612341202A338C003AD87B /* Testers */,
				28196BFB2024EA9E00086CE6 /* Runner.cpp */,
				28196BF62024EA2900086CE6 /* Diagrams */,
				28196BF52024EA2300086CE6 /* Data */,
				28196BF42024EA1C00086CE6 /* Controller */,
				28196C0D2024F5F400086CE6 /* Model */,
			);
			path = DataStructures;
			sourceTree = "<group>";
		};
		28196BF32024EA1700086CE6 /* Tools */ = {
			isa = PBXGroup;
			children = (
				28196C032024EB2500086CE6 /* Timer.cpp */,
				28196C042024EB2500086CE6 /* Timer.hpp */,
			);
			path = Tools;
			sourceTree = "<group>";
		};
		28196BF42024EA1C00086CE6 /* Controller */ = {
			isa = PBXGroup;
			children = (
				28196BFD2024EAE900086CE6 /* FileController.cpp */,
				28196BFE2024EAE900086CE6 /* FileController.hpp */,
				28196C002024EAF600086CE6 /* Controller.cpp */,
				28196C012024EAF600086CE6 /* Controller.hpp */,
				28196BF32024EA1700086CE6 /* Tools */,
			);
			path = Controller;
			sourceTree = "<group>";
		};
		28196BF52024EA2300086CE6 /* Data */ = {
			isa = PBXGroup;
			children = (
				28196C062024EBF500086CE6 /* crime.csv */,
				28196C082024EBF500086CE6 /* CrimeData.cpp */,
				28196C072024EBF500086CE6 /* CrimeData.hpp */,
			);
			path = Data;
			sourceTree = "<group>";
		};
		28196BF62024EA2900086CE6 /* Diagrams */ = {
			isa = PBXGroup;
			children = (
			);
			path = Diagrams;
			sourceTree = "<group>";
		};
		28196BF72024EA4B00086CE6 /* Testing */ = {
			isa = PBXGroup;
			children = (
			);
			path = Testing;
			sourceTree = "<group>";
		};
		28196C0D2024F5F400086CE6 /* Model */ = {
			isa = PBXGroup;
			children = (
				28196C12202502DD00086CE6 /* Structures */,
				28612345202A40B8003AD87B /* Nodes */,
			);
			path = Model;
			sourceTree = "<group>";
		};
		28196C12202502DD00086CE6 /* Structures */ = {
			isa = PBXGroup;
			children = (
				2861B1742060363100478C6C /* NonLinear */,
				28219B00203F491A0023A087 /* Linear */,
			);
			path = Structures;
			sourceTree = "<group>";
		};
		28219B00203F491A0023A087 /* Linear */ = {
			isa = PBXGroup;
			children = (
				28196C0F2024F64200086CE6 /* Array.hpp */,
				286926742034BBEC0096E432 /* LinkedList.hpp */,
				284A5877202CE25700E8A43F /* listStructure.h */,
				28219B01203F49620023A087 /* Queue.hpp */,
				28219B02203F49870023A087 /* Stack.hpp */,
				28219B03203F49A00023A087 /* CircularList.hpp */,
			);
			path = Linear;
			sourceTree = "<group>";
		};
		28612341202A338C003AD87B /* Testers */ = {
			isa = PBXGroup;
			children = (
				28612342202A33B1003AD87B /* ArrayTester.cpp */,
				28612343202A33B1003AD87B /* ArrayTester.hpp */,
				286926762034C6790096E432 /* LinkedListTester.cpp */,
				286926772034C6790096E432 /* LinkedListTester.hpp */,
				2891C63C204493160026B302 /* TestingStacksAndQueues.cpp */,
				2891C63D204493160026B302 /* TestingStacksAndQueues.hpp */,
				2822A712204DC611004D0181 /* RecursionTester.cpp */,
				2822A713204DC611004D0181 /* RecursionTester.hpp */,
				28819C4E205AE963008EC4DC /* SortingTester.cpp */,
				28819C4F205AE963008EC4DC /* SortingTester.hpp */,
				28F769EA206AC33B00D00E1F /* GraphTester.cpp */,
				28F769EB206AC33B00D00E1F /* GraphTester.hpp */,
				28F769EF206ACA2B00D00E1F /* BinaryTreeTester.cpp */,
				28F769F0206ACA2B00D00E1F /* BinaryTreeTester.hpp */,
			);
			path = Testers;
			sourceTree = "<group>";
		};
		28612345202A40B8003AD87B /* Nodes */ = {
			isa = PBXGroup;
			children = (
				28612347202A40CD003AD87B /* Node.hpp */,
				284A5876202CDAA000E8A43F /* LinearNode.hpp */,
				28219B04203F49C30023A087 /* DoubleNode.hpp */,
				28F769ED206AC53600D00E1F /* BinaryTreeNode.h */,
				28F769EE206AC62C00D00E1F /* N_AryTreeNode.h */,
			);
			path = Nodes;
			sourceTree = "<group>";
		};
		2861B1742060363100478C6C /* NonLinear */ = {
			isa = PBXGroup;
			children = (
				2861B1752060364000478C6C /* Graph.h */,
				28F769F2206AD42A00D00E1F /* Tree.h */,
			);
			path = NonLinear;
			sourceTree = "<group>";
		};
/* End PBXGroup section */

/* Begin PBXNativeTarget section */
		28196BE82024EA1200086CE6 /* DataStructures */ = {
			isa = PBXNativeTarget;
			buildConfigurationList = 28196BF02024EA1200086CE6 /* Build configuration list for PBXNativeTarget "DataStructures" */;
			buildPhases = (
				28196BE52024EA1200086CE6 /* Sources */,
				28196BE62024EA1200086CE6 /* Frameworks */,
				28196BE72024EA1200086CE6 /* CopyFiles */,
			);
			buildRules = (
			);
			dependencies = (
			);
			name = DataStructures;
			productName = DataStructures;
			productReference = 28196BE92024EA1200086CE6 /* DataStructures */;
			productType = "com.apple.product-type.tool";
		};
/* End PBXNativeTarget section */

/* Begin PBXProject section */
		28196BE12024EA1200086CE6 /* Project object */ = {
			isa = PBXProject;
			attributes = {
				LastUpgradeCheck = 0900;
				ORGANIZATIONNAME = Ctech;
				TargetAttributes = {
					28196BE82024EA1200086CE6 = {
						CreatedOnToolsVersion = 9.0;
						ProvisioningStyle = Automatic;
					};
				};
			};
			buildConfigurationList = 28196BE42024EA1200086CE6 /* Build configuration list for PBXProject "DataStructures" */;
			compatibilityVersion = "Xcode 8.0";
			developmentRegion = en;
			hasScannedForEncodings = 0;
			knownRegions = (
				en,
			);
			mainGroup = 28196BE02024EA1200086CE6;
			productRefGroup = 28196BEA2024EA1200086CE6 /* Products */;
			projectDirPath = "";
			projectRoot = "";
			targets = (
				28196BE82024EA1200086CE6 /* DataStructures */,
			);
		};
/* End PBXProject section */

/* Begin PBXSourcesBuildPhase section */
		28196BE52024EA1200086CE6 /* Sources */ = {
			isa = PBXSourcesBuildPhase;
			buildActionMask = 2147483647;
			files = (
				2822A714204DC611004D0181 /* RecursionTester.cpp in Sources */,
				28196BFC2024EA9E00086CE6 /* Runner.cpp in Sources */,
				28196C092024EBF500086CE6 /* CrimeData.cpp in Sources */,
				28196BFF2024EAE900086CE6 /* FileController.cpp in Sources */,
				28196C052024EB2500086CE6 /* Timer.cpp in Sources */,
				28F769F1206ACA2B00D00E1F /* BinaryTreeTester.cpp in Sources */,
				28F769EC206AC33B00D00E1F /* GraphTester.cpp in Sources */,
				28819C50205AE963008EC4DC /* SortingTester.cpp in Sources */,
				2891C63E204493160026B302 /* TestingStacksAndQueues.cpp in Sources */,
				28612344202A33B1003AD87B /* ArrayTester.cpp in Sources */,
				28196C022024EAF600086CE6 /* Controller.cpp in Sources */,
				286926782034C6790096E432 /* LinkedListTester.cpp in Sources */,
			);
			runOnlyForDeploymentPostprocessing = 0;
		};
/* End PBXSourcesBuildPhase section */

/* Begin XCBuildConfiguration section */
		28196BEE2024EA1200086CE6 /* Debug */ = {
			isa = XCBuildConfiguration;
			buildSettings = {
				ALWAYS_SEARCH_USER_PATHS = NO;
				CLANG_ANALYZER_NONNULL = YES;
				CLANG_ANALYZER_NUMBER_OBJECT_CONVERSION = YES_AGGRESSIVE;
				CLANG_CXX_LANGUAGE_STANDARD = "gnu++14";
				CLANG_CXX_LIBRARY = "libc++";
				CLANG_ENABLE_MODULES = YES;
				CLANG_ENABLE_OBJC_ARC = YES;
				CLANG_WARN_BLOCK_CAPTURE_AUTORELEASING = YES;
				CLANG_WARN_BOOL_CONVERSION = YES;
				CLANG_WARN_COMMA = YES;
				CLANG_WARN_CONSTANT_CONVERSION = YES;
				CLANG_WARN_DIRECT_OBJC_ISA_USAGE = YES_ERROR;
				CLANG_WARN_DOCUMENTATION_COMMENTS = YES;
				CLANG_WARN_EMPTY_BODY = YES;
				CLANG_WARN_ENUM_CONVERSION = YES;
				CLANG_WARN_INFINITE_RECURSION = YES;
				CLANG_WARN_INT_CONVERSION = YES;
				CLANG_WARN_NON_LITERAL_NULL_CONVERSION = YES;
				CLANG_WARN_OBJC_LITERAL_CONVERSION = YES;
				CLANG_WARN_OBJC_ROOT_CLASS = YES_ERROR;
				CLANG_WARN_RANGE_LOOP_ANALYSIS = YES;
				CLANG_WARN_STRICT_PROTOTYPES = YES;
				CLANG_WARN_SUSPICIOUS_MOVE = YES;
				CLANG_WARN_UNGUARDED_AVAILABILITY = YES_AGGRESSIVE;
				CLANG_WARN_UNREACHABLE_CODE = YES;
				CLANG_WARN__DUPLICATE_METHOD_MATCH = YES;
				CODE_SIGN_IDENTITY = "-";
				COPY_PHASE_STRIP = NO;
				DEBUG_INFORMATION_FORMAT = dwarf;
				ENABLE_STRICT_OBJC_MSGSEND = YES;
				ENABLE_TESTABILITY = YES;
				GCC_C_LANGUAGE_STANDARD = gnu11;
				GCC_DYNAMIC_NO_PIC = NO;
				GCC_NO_COMMON_BLOCKS = YES;
				GCC_OPTIMIZATION_LEVEL = 0;
				GCC_PREPROCESSOR_DEFINITIONS = (
					"DEBUG=1",
					"$(inherited)",
				);
				GCC_WARN_64_TO_32_BIT_CONVERSION = YES;
				GCC_WARN_ABOUT_RETURN_TYPE = YES_ERROR;
				GCC_WARN_UNDECLARED_SELECTOR = YES;
				GCC_WARN_UNINITIALIZED_AUTOS = YES_AGGRESSIVE;
				GCC_WARN_UNUSED_FUNCTION = YES;
				GCC_WARN_UNUSED_VARIABLE = YES;
				MACOSX_DEPLOYMENT_TARGET = 10.12;
				MTL_ENABLE_DEBUG_INFO = YES;
				ONLY_ACTIVE_ARCH = YES;
				SDKROOT = macosx;
			};
			name = Debug;
		};
		28196BEF2024EA1200086CE6 /* Release */ = {
			isa = XCBuildConfiguration;
			buildSettings = {
				ALWAYS_SEARCH_USER_PATHS = NO;
				CLANG_ANALYZER_NONNULL = YES;
				CLANG_ANALYZER_NUMBER_OBJECT_CONVERSION = YES_AGGRESSIVE;
				CLANG_CXX_LANGUAGE_STANDARD = "gnu++14";
				CLANG_CXX_LIBRARY = "libc++";
				CLANG_ENABLE_MODULES = YES;
				CLANG_ENABLE_OBJC_ARC = YES;
				CLANG_WARN_BLOCK_CAPTURE_AUTORELEASING = YES;
				CLANG_WARN_BOOL_CONVERSION = YES;
				CLANG_WARN_COMMA = YES;
				CLANG_WARN_CONSTANT_CONVERSION = YES;
				CLANG_WARN_DIRECT_OBJC_ISA_USAGE = YES_ERROR;
				CLANG_WARN_DOCUMENTATION_COMMENTS = YES;
				CLANG_WARN_EMPTY_BODY = YES;
				CLANG_WARN_ENUM_CONVERSION = YES;
				CLANG_WARN_INFINITE_RECURSION = YES;
				CLANG_WARN_INT_CONVERSION = YES;
				CLANG_WARN_NON_LITERAL_NULL_CONVERSION = YES;
				CLANG_WARN_OBJC_LITERAL_CONVERSION = YES;
				CLANG_WARN_OBJC_ROOT_CLASS = YES_ERROR;
				CLANG_WARN_RANGE_LOOP_ANALYSIS = YES;
				CLANG_WARN_STRICT_PROTOTYPES = YES;
				CLANG_WARN_SUSPICIOUS_MOVE = YES;
				CLANG_WARN_UNGUARDED_AVAILABILITY = YES_AGGRESSIVE;
				CLANG_WARN_UNREACHABLE_CODE = YES;
				CLANG_WARN__DUPLICATE_METHOD_MATCH = YES;
				CODE_SIGN_IDENTITY = "-";
				COPY_PHASE_STRIP = NO;
				DEBUG_INFORMATION_FORMAT = "dwarf-with-dsym";
				ENABLE_NS_ASSERTIONS = NO;
				ENABLE_STRICT_OBJC_MSGSEND = YES;
				GCC_C_LANGUAGE_STANDARD = gnu11;
				GCC_NO_COMMON_BLOCKS = YES;
				GCC_WARN_64_TO_32_BIT_CONVERSION = YES;
				GCC_WARN_ABOUT_RETURN_TYPE = YES_ERROR;
				GCC_WARN_UNDECLARED_SELECTOR = YES;
				GCC_WARN_UNINITIALIZED_AUTOS = YES_AGGRESSIVE;
				GCC_WARN_UNUSED_FUNCTION = YES;
				GCC_WARN_UNUSED_VARIABLE = YES;
				MACOSX_DEPLOYMENT_TARGET = 10.12;
				MTL_ENABLE_DEBUG_INFO = NO;
				SDKROOT = macosx;
			};
			name = Release;
		};
		28196BF12024EA1200086CE6 /* Debug */ = {
			isa = XCBuildConfiguration;
			buildSettings = {
				CODE_SIGN_STYLE = Automatic;
				PRODUCT_NAME = "$(TARGET_NAME)";
			};
			name = Debug;
		};
		28196BF22024EA1200086CE6 /* Release */ = {
			isa = XCBuildConfiguration;
			buildSettings = {
				CODE_SIGN_STYLE = Automatic;
				PRODUCT_NAME = "$(TARGET_NAME)";
			};
			name = Release;
		};
/* End XCBuildConfiguration section */

/* Begin XCConfigurationList section */
		28196BE42024EA1200086CE6 /* Build configuration list for PBXProject "DataStructures" */ = {
			isa = XCConfigurationList;
			buildConfigurations = (
				28196BEE2024EA1200086CE6 /* Debug */,
				28196BEF2024EA1200086CE6 /* Release */,
			);
			defaultConfigurationIsVisible = 0;
			defaultConfigurationName = Release;
		};
		28196BF02024EA1200086CE6 /* Build configuration list for PBXNativeTarget "DataStructures" */ = {
			isa = XCConfigurationList;
			buildConfigurations = (
				28196BF12024EA1200086CE6 /* Debug */,
				28196BF22024EA1200086CE6 /* Release */,
			);
			defaultConfigurationIsVisible = 0;
			defaultConfigurationName = Release;
		};
/* End XCConfigurationList section */
	};
	rootObject = 28196BE12024EA1200086CE6 /* Project object */;
}
